// !$*UTF8*$!
{
	archiveVersion = 1;
	classes = {
	};
	objectVersion = 50;
	objects = {

/* Begin PBXBuildFile section */
		751F1CEC20CF611E00D23036 /* main.swift in Sources */ = {isa = PBXBuildFile; fileRef = 751F1CEB20CF611E00D23036 /* main.swift */; };
		751F1CF320CF633A00D23036 /* BinarySearch.swift in Sources */ = {isa = PBXBuildFile; fileRef = 751F1CF220CF633A00D23036 /* BinarySearch.swift */; };
		751F1CFB20CF639F00D23036 /* PracticeTest.swift in Sources */ = {isa = PBXBuildFile; fileRef = 751F1CFA20CF639F00D23036 /* PracticeTest.swift */; };
		751F1D0220CF652800D23036 /* BinarySearch.swift in Sources */ = {isa = PBXBuildFile; fileRef = 751F1CF220CF633A00D23036 /* BinarySearch.swift */; };
		751F1D0420CF666000D23036 /* Quicksort.swift in Sources */ = {isa = PBXBuildFile; fileRef = 751F1D0320CF666000D23036 /* Quicksort.swift */; };
/* End PBXBuildFile section */

/* Begin PBXCopyFilesBuildPhase section */
		751F1CE620CF611E00D23036 /* CopyFiles */ = {
			isa = PBXCopyFilesBuildPhase;
			buildActionMask = 2147483647;
			dstPath = /usr/share/man/man1/;
			dstSubfolderSpec = 0;
			files = (
			);
			runOnlyForDeploymentPostprocessing = 1;
		};
/* End PBXCopyFilesBuildPhase section */

/* Begin PBXFileReference section */
		751F1CE820CF611E00D23036 /* Practice */ = {isa = PBXFileReference; explicitFileType = "compiled.mach-o.executable"; includeInIndex = 0; path = Practice; sourceTree = BUILT_PRODUCTS_DIR; };
		751F1CEB20CF611E00D23036 /* main.swift */ = {isa = PBXFileReference; lastKnownFileType = sourcecode.swift; path = main.swift; sourceTree = "<group>"; };
		751F1CF220CF633A00D23036 /* BinarySearch.swift */ = {isa = PBXFileReference; lastKnownFileType = sourcecode.swift; path = BinarySearch.swift; sourceTree = "<group>"; };
		751F1CF820CF639F00D23036 /* PracticeTest.xctest */ = {isa = PBXFileReference; explicitFileType = wrapper.cfbundle; includeInIndex = 0; path = PracticeTest.xctest; sourceTree = BUILT_PRODUCTS_DIR; };
		751F1CFA20CF639F00D23036 /* PracticeTest.swift */ = {isa = PBXFileReference; lastKnownFileType = sourcecode.swift; path = PracticeTest.swift; sourceTree = "<group>"; };
		751F1CFC20CF639F00D23036 /* Info.plist */ = {isa = PBXFileReference; lastKnownFileType = text.plist.xml; path = Info.plist; sourceTree = "<group>"; };
		751F1D0320CF666000D23036 /* Quicksort.swift */ = {isa = PBXFileReference; lastKnownFileType = sourcecode.swift; path = Quicksort.swift; sourceTree = "<group>"; };
/* End PBXFileReference section */

/* Begin PBXFrameworksBuildPhase section */
		751F1CE520CF611E00D23036 /* Frameworks */ = {
			isa = PBXFrameworksBuildPhase;
			buildActionMask = 2147483647;
			files = (
			);
			runOnlyForDeploymentPostprocessing = 0;
		};
		751F1CF520CF639F00D23036 /* Frameworks */ = {
			isa = PBXFrameworksBuildPhase;
			buildActionMask = 2147483647;
			files = (
			);
			runOnlyForDeploymentPostprocessing = 0;
		};
/* End PBXFrameworksBuildPhase section */

/* Begin PBXGroup section */
		751F1CDF20CF611E00D23036 = {
			isa = PBXGroup;
			children = (
				751F1CEA20CF611E00D23036 /* Practice */,
				751F1CF920CF639F00D23036 /* PracticeTest */,
				751F1CE920CF611E00D23036 /* Products */,
			);
			sourceTree = "<group>";
		};
		751F1CE920CF611E00D23036 /* Products */ = {
			isa = PBXGroup;
			children = (
				751F1CE820CF611E00D23036 /* Practice */,
				751F1CF820CF639F00D23036 /* PracticeTest.xctest */,
			);
			name = Products;
			sourceTree = "<group>";
		};
		751F1CEA20CF611E00D23036 /* Practice */ = {
			isa = PBXGroup;
			children = (
				751F1CEB20CF611E00D23036 /* main.swift */,
				751F1CF220CF633A00D23036 /* BinarySearch.swift */,
				751F1D0320CF666000D23036 /* Quicksort.swift */,
			);
			path = Practice;
			sourceTree = "<group>";
		};
		751F1CF920CF639F00D23036 /* PracticeTest */ = {
			isa = PBXGroup;
			children = (
				751F1CFA20CF639F00D23036 /* PracticeTest.swift */,
				751F1CFC20CF639F00D23036 /* Info.plist */,
			);
			path = PracticeTest;
			sourceTree = "<group>";
		};
/* End PBXGroup section */

/* Begin PBXNativeTarget section */
		751F1CE720CF611E00D23036 /* Practice */ = {
			isa = PBXNativeTarget;
			buildConfigurationList = 751F1CEF20CF611E00D23036 /* Build configuration list for PBXNativeTarget "Practice" */;
			buildPhases = (
				751F1CE420CF611E00D23036 /* Sources */,
				751F1CE520CF611E00D23036 /* Frameworks */,
				751F1CE620CF611E00D23036 /* CopyFiles */,
			);
			buildRules = (
			);
			dependencies = (
			);
			name = Practice;
			productName = Practice;
			productReference = 751F1CE820CF611E00D23036 /* Practice */;
			productType = "com.apple.product-type.tool";
		};
		751F1CF720CF639F00D23036 /* PracticeTest */ = {
			isa = PBXNativeTarget;
			buildConfigurationList = 751F1CFD20CF639F00D23036 /* Build configuration list for PBXNativeTarget "PracticeTest" */;
			buildPhases = (
				751F1CF420CF639F00D23036 /* Sources */,
				751F1CF520CF639F00D23036 /* Frameworks */,
				751F1CF620CF639F00D23036 /* Resources */,
			);
			buildRules = (
			);
			dependencies = (
			);
			name = PracticeTest;
			productName = PracticeTest;
			productReference = 751F1CF820CF639F00D23036 /* PracticeTest.xctest */;
			productType = "com.apple.product-type.bundle.unit-test";
		};
/* End PBXNativeTarget section */

/* Begin PBXProject section */
		751F1CE020CF611E00D23036 /* Project object */ = {
			isa = PBXProject;
			attributes = {
				LastSwiftUpdateCheck = 0940;
				LastUpgradeCheck = 0940;
				ORGANIZATIONNAME = "Lance Jabr";
				TargetAttributes = {
					751F1CE720CF611E00D23036 = {
						CreatedOnToolsVersion = 9.4;
					};
					751F1CF720CF639F00D23036 = {
						CreatedOnToolsVersion = 9.4;
					};
				};
			};
			buildConfigurationList = 751F1CE320CF611E00D23036 /* Build configuration list for PBXProject "Practice" */;
			compatibilityVersion = "Xcode 9.3";
			developmentRegion = en;
			hasScannedForEncodings = 0;
			knownRegions = (
				en,
			);
			mainGroup = 751F1CDF20CF611E00D23036;
			productRefGroup = 751F1CE920CF611E00D23036 /* Products */;
			projectDirPath = "";
			projectRoot = "";
			targets = (
				751F1CE720CF611E00D23036 /* Practice */,
				751F1CF720CF639F00D23036 /* PracticeTest */,
			);
		};
/* End PBXProject section */

/* Begin PBXResourcesBuildPhase section */
		751F1CF620CF639F00D23036 /* Resources */ = {
			isa = PBXResourcesBuildPhase;
			buildActionMask = 2147483647;
			files = (
			);
			runOnlyForDeploymentPostprocessing = 0;
		};
/* End PBXResourcesBuildPhase section */

/* Begin PBXSourcesBuildPhase section */
		751F1CE420CF611E00D23036 /* Sources */ = {
			isa = PBXSourcesBuildPhase;
			buildActionMask = 2147483647;
			files = (
				751F1CF320CF633A00D23036 /* BinarySearch.swift in Sources */,
				751F1D0420CF666000D23036 /* Quicksort.swift in Sources */,
				751F1CEC20CF611E00D23036 /* main.swift in Sources */,
			);
			runOnlyForDeploymentPostprocessing = 0;
		};
		751F1CF420CF639F00D23036 /* Sources */ = {
			isa = PBXSourcesBuildPhase;
			buildActionMask = 2147483647;
			files = (
				751F1CFB20CF639F00D23036 /* PracticeTest.swift in Sources */,
				751F1D0220CF652800D23036 /* BinarySearch.swift in Sources */,
			);
			runOnlyForDeploymentPostprocessing = 0;
		};
/* End PBXSourcesBuildPhase section */

/* Begin XCBuildConfiguration section */
		751F1CED20CF611E00D23036 /* Debug */ = {
			isa = XCBuildConfiguration;
			buildSettings = {
				ALWAYS_SEARCH_USER_PATHS = NO;
				CLANG_ANALYZER_NONNULL = YES;
				CLANG_ANALYZER_NUMBER_OBJECT_CONVERSION = YES_AGGRESSIVE;
				CLANG_CXX_LANGUAGE_STANDARD = "gnu++14";
				CLANG_CXX_LIBRARY = "libc++";
				CLANG_ENABLE_MODULES = YES;
				CLANG_ENABLE_OBJC_ARC = YES;
				CLANG_ENABLE_OBJC_WEAK = YES;
				CLANG_WARN_BLOCK_CAPTURE_AUTORELEASING = YES;
				CLANG_WARN_BOOL_CONVERSION = YES;
				CLANG_WARN_COMMA = YES;
				CLANG_WARN_CONSTANT_CONVERSION = YES;
				CLANG_WARN_DEPRECATED_OBJC_IMPLEMENTATIONS = YES;
				CLANG_WARN_DIRECT_OBJC_ISA_USAGE = YES_ERROR;
				CLANG_WARN_DOCUMENTATION_COMMENTS = YES;
				CLANG_WARN_EMPTY_BODY = YES;
				CLANG_WARN_ENUM_CONVERSION = YES;
				CLANG_WARN_INFINITE_RECURSION = YES;
				CLANG_WARN_INT_CONVERSION = YES;
				CLANG_WARN_NON_LITERAL_NULL_CONVERSION = YES;
				CLANG_WARN_OBJC_IMPLICIT_RETAIN_SELF = YES;
				CLANG_WARN_OBJC_LITERAL_CONVERSION = YES;
				CLANG_WARN_OBJC_ROOT_CLASS = YES_ERROR;
				CLANG_WARN_RANGE_LOOP_ANALYSIS = YES;
				CLANG_WARN_STRICT_PROTOTYPES = YES;
				CLANG_WARN_SUSPICIOUS_MOVE = YES;
				CLANG_WARN_UNGUARDED_AVAILABILITY = YES_AGGRESSIVE;
				CLANG_WARN_UNREACHABLE_CODE = YES;
				CLANG_WARN__DUPLICATE_METHOD_MATCH = YES;
				CODE_SIGN_IDENTITY = "Mac Developer";
				COPY_PHASE_STRIP = NO;
				DEBUG_INFORMATION_FORMAT = dwarf;
				ENABLE_STRICT_OBJC_MSGSEND = YES;
				ENABLE_TESTABILITY = YES;
				GCC_C_LANGUAGE_STANDARD = gnu11;
				GCC_DYNAMIC_NO_PIC = NO;
				GCC_NO_COMMON_BLOCKS = YES;
				GCC_OPTIMIZATION_LEVEL = 0;
				GCC_PREPROCESSOR_DEFINITIONS = (
					"DEBUG=1",
					"$(inherited)",
				);
				GCC_WARN_64_TO_32_BIT_CONVERSION = YES;
				GCC_WARN_ABOUT_RETURN_TYPE = YES_ERROR;
				GCC_WARN_UNDECLARED_SELECTOR = YES;
				GCC_WARN_UNINITIALIZED_AUTOS = YES_AGGRESSIVE;
				GCC_WARN_UNUSED_FUNCTION = YES;
				GCC_WARN_UNUSED_VARIABLE = YES;
				MACOSX_DEPLOYMENT_TARGET = 10.13;
				MTL_ENABLE_DEBUG_INFO = YES;
				ONLY_ACTIVE_ARCH = YES;
				SDKROOT = macosx;
				SWIFT_ACTIVE_COMPILATION_CONDITIONS = DEBUG;
				SWIFT_OPTIMIZATION_LEVEL = "-Onone";
			};
			name = Debug;
		};
		751F1CEE20CF611E00D23036 /* Release */ = {
			isa = XCBuildConfiguration;
			buildSettings = {
				ALWAYS_SEARCH_USER_PATHS = NO;
				CLANG_ANALYZER_NONNULL = YES;
				CLANG_ANALYZER_NUMBER_OBJECT_CONVERSION = YES_AGGRESSIVE;
				CLANG_CXX_LANGUAGE_STANDARD = "gnu++14";
				CLANG_CXX_LIBRARY = "libc++";
				CLANG_ENABLE_MODULES = YES;
				CLANG_ENABLE_OBJC_ARC = YES;
				CLANG_ENABLE_OBJC_WEAK = YES;
				CLANG_WARN_BLOCK_CAPTURE_AUTORELEASING = YES;
				CLANG_WARN_BOOL_CONVERSION = YES;
				CLANG_WARN_COMMA = YES;
				CLANG_WARN_CONSTANT_CONVERSION = YES;
				CLANG_WARN_DEPRECATED_OBJC_IMPLEMENTATIONS = YES;
				CLANG_WARN_DIRECT_OBJC_ISA_USAGE = YES_ERROR;
				CLANG_WARN_DOCUMENTATION_COMMENTS = YES;
				CLANG_WARN_EMPTY_BODY = YES;
				CLANG_WARN_ENUM_CONVERSION = YES;
				CLANG_WARN_INFINITE_RECURSION = YES;
				CLANG_WARN_INT_CONVERSION = YES;
				CLANG_WARN_NON_LITERAL_NULL_CONVERSION = YES;
				CLANG_WARN_OBJC_IMPLICIT_RETAIN_SELF = YES;
				CLANG_WARN_OBJC_LITERAL_CONVERSION = YES;
				CLANG_WARN_OBJC_ROOT_CLASS = YES_ERROR;
				CLANG_WARN_RANGE_LOOP_ANALYSIS = YES;
				CLANG_WARN_STRICT_PROTOTYPES = YES;
				CLANG_WARN_SUSPICIOUS_MOVE = YES;
				CLANG_WARN_UNGUARDED_AVAILABILITY = YES_AGGRESSIVE;
				CLANG_WARN_UNREACHABLE_CODE = YES;
				CLANG_WARN__DUPLICATE_METHOD_MATCH = YES;
				CODE_SIGN_IDENTITY = "Mac Developer";
				COPY_PHASE_STRIP = NO;
				DEBUG_INFORMATION_FORMAT = "dwarf-with-dsym";
				ENABLE_NS_ASSERTIONS = NO;
				ENABLE_STRICT_OBJC_MSGSEND = YES;
				GCC_C_LANGUAGE_STANDARD = gnu11;
				GCC_NO_COMMON_BLOCKS = YES;
				GCC_WARN_64_TO_32_BIT_CONVERSION = YES;
				GCC_WARN_ABOUT_RETURN_TYPE = YES_ERROR;
				GCC_WARN_UNDECLARED_SELECTOR = YES;
				GCC_WARN_UNINITIALIZED_AUTOS = YES_AGGRESSIVE;
				GCC_WARN_UNUSED_FUNCTION = YES;
				GCC_WARN_UNUSED_VARIABLE = YES;
				MACOSX_DEPLOYMENT_TARGET = 10.13;
				MTL_ENABLE_DEBUG_INFO = NO;
				SDKROOT = macosx;
				SWIFT_COMPILATION_MODE = wholemodule;
				SWIFT_OPTIMIZATION_LEVEL = "-O";
			};
			name = Release;
		};
		751F1CF020CF611E00D23036 /* Debug */ = {
			isa = XCBuildConfiguration;
			buildSettings = {
				CODE_SIGN_STYLE = Automatic;
				DEVELOPMENT_TEAM = CHN786DUCG;
				PRODUCT_NAME = "$(TARGET_NAME)";
				SWIFT_VERSION = 4.0;
			};
			name = Debug;
		};
		751F1CF120CF611E00D23036 /* Release */ = {
			isa = XCBuildConfiguration;
			buildSettings = {
				CODE_SIGN_STYLE = Automatic;
				DEVELOPMENT_TEAM = CHN786DUCG;
				PRODUCT_NAME = "$(TARGET_NAME)";
				SWIFT_VERSION = 4.0;
			};
			name = Release;
		};
		751F1CFE20CF639F00D23036 /* Debug */ = {
			isa = XCBuildConfiguration;
			buildSettings = {
				CODE_SIGN_STYLE = Automatic;
				COMBINE_HIDPI_IMAGES = YES;
				DEVELOPMENT_TEAM = CHN786DUCG;
				INFOPLIST_FILE = PracticeTest/Info.plist;
				LD_RUNPATH_SEARCH_PATHS = (
					"$(inherited)",
					"@executable_path/../Frameworks",
					"@loader_path/../Frameworks",
				);
				PRODUCT_BUNDLE_IDENTIFIER = com.lancejabr.PracticeTest;
				PRODUCT_NAME = "$(TARGET_NAME)";
				SWIFT_VERSION = 4.0;
			};
			name = Debug;
		};
		751F1CFF20CF639F00D23036 /* Release */ = {
			isa = XCBuildConfiguration;
			buildSettings = {
				CODE_SIGN_STYLE = Automatic;
				COMBINE_HIDPI_IMAGES = YES;
				DEVELOPMENT_TEAM = CHN786DUCG;
				INFOPLIST_FILE = PracticeTest/Info.plist;
				LD_RUNPATH_SEARCH_PATHS = (
					"$(inherited)",
					"@executable_path/../Frameworks",
					"@loader_path/../Frameworks",
				);
				PRODUCT_BUNDLE_IDENTIFIER = com.lancejabr.PracticeTest;
				PRODUCT_NAME = "$(TARGET_NAME)";
				SWIFT_VERSION = 4.0;
			};
			name = Release;
		};
/* End XCBuildConfiguration section */

/* Begin XCConfigurationList section */
		751F1CE320CF611E00D23036 /* Build configuration list for PBXProject "Practice" */ = {
			isa = XCConfigurationList;
			buildConfigurations = (
				751F1CED20CF611E00D23036 /* Debug */,
				751F1CEE20CF611E00D23036 /* Release */,
			);
			defaultConfigurationIsVisible = 0;
			defaultConfigurationName = Release;
		};
		751F1CEF20CF611E00D23036 /* Build configuration list for PBXNativeTarget "Practice" */ = {
			isa = XCConfigurationList;
			buildConfigurations = (
				751F1CF020CF611E00D23036 /* Debug */,
				751F1CF120CF611E00D23036 /* Release */,
			);
			defaultConfigurationIsVisible = 0;
			defaultConfigurationName = Release;
		};
		751F1CFD20CF639F00D23036 /* Build configuration list for PBXNativeTarget "PracticeTest" */ = {
			isa = XCConfigurationList;
			buildConfigurations = (
				751F1CFE20CF639F00D23036 /* Debug */,
				751F1CFF20CF639F00D23036 /* Release */,
			);
			defaultConfigurationIsVisible = 0;
			defaultConfigurationName = Release;
		};
/* End XCConfigurationList section */
	};
	rootObject = 751F1CE020CF611E00D23036 /* Project object */;
}
